
Microsoft Visual Studio Solution File, Format Version 12.00
# Visual Studio Version 17
VisualStudioVersion = 17.13.35931.197 d17.13
MinimumVisualStudioVersion = 10.0.40219.1
Project("{FAE04EC0-301F-11D3-BF4B-00C04F79EFBC}") = "API REST PRUEBA", "WebApplication1\API REST PRUEBA.csproj", "{EE74193E-AB41-44B6-B314-A59AB50CA27E}"
EndProject
Global
	GlobalSection(SolutionConfigurationPlatforms) = preSolution
		Debug|Any CPU = Debug|Any CPU
		Release|Any CPU = Release|Any CPU
	EndGlobalSection
	GlobalSection(ProjectConfigurationPlatforms) = postSolution
		{EE74193E-AB41-44B6-B314-A59AB50CA27E}.Debug|Any CPU.ActiveCfg = Debug|Any CPU
		{EE74193E-AB41-44B6-B314-A59AB50CA27E}.Debug|Any CPU.Build.0 = Debug|Any CPU
		{EE74193E-AB41-44B6-B314-A59AB50CA27E}.Release|Any CPU.ActiveCfg = Release|Any CPU
		{EE74193E-AB41-44B6-B314-A59AB50CA27E}.Release|Any CPU.Build.0 = Release|Any CPU
	EndGlobalSection
	GlobalSection(SolutionProperties) = preSolution
		HideSolutionNode = FALSE
	EndGlobalSection
	GlobalSection(ExtensibilityGlobals) = postSolution
		SolutionGuid = {60E8985E-CB22-482D-924C-D9DE4EF695BA}
	EndGlobalSection
EndGlobal
